
Microsoft Visual Studio Solution File, Format Version 12.00
# Visual Studio 15
VisualStudioVersion = 15.0.27703.2035
MinimumVisualStudioVersion = 10.0.40219.1
Project("{FAE04EC0-301F-11D3-BF4B-00C04F79EFBC}") = "Opgave6_side16", "Opgave6_side16\Opgave6_side16.csproj", "{90DF0277-BBC6-47C1-B938-A2EA6573CFD8}"
EndProject
Global
	GlobalSection(SolutionConfigurationPlatforms) = preSolution
		Debug|Any CPU = Debug|Any CPU
		Release|Any CPU = Release|Any CPU
	EndGlobalSection
	GlobalSection(ProjectConfigurationPlatforms) = postSolution
		{90DF0277-BBC6-47C1-B938-A2EA6573CFD8}.Debug|Any CPU.ActiveCfg = Debug|Any CPU
		{90DF0277-BBC6-47C1-B938-A2EA6573CFD8}.Debug|Any CPU.Build.0 = Debug|Any CPU
		{90DF0277-BBC6-47C1-B938-A2EA6573CFD8}.Release|Any CPU.ActiveCfg = Release|Any CPU
		{90DF0277-BBC6-47C1-B938-A2EA6573CFD8}.Release|Any CPU.Build.0 = Release|Any CPU
	EndGlobalSection
	GlobalSection(SolutionProperties) = preSolution
		HideSolutionNode = FALSE
	EndGlobalSection
	GlobalSection(ExtensibilityGlobals) = postSolution
		SolutionGuid = {2F3BFF68-EDBA-46F5-B351-A1C4A0B8451C}
	EndGlobalSection
EndGlobal
